
Microsoft Visual Studio Solution File, Format Version 12.00
# Visual Studio Version 17
VisualStudioVersion = 17.3.32901.215
MinimumVisualStudioVersion = 10.0.40219.1
Project("{FAE04EC0-301F-11D3-BF4B-00C04F79EFBC}") = "FACTORIAL DE UN NÚMERO", "FACTORIAL DE UN NÚMERO\FACTORIAL DE UN NÚMERO.csproj", "{B351844A-F863-45C2-A877-44F95466CB94}"
EndProject
Global
	GlobalSection(SolutionConfigurationPlatforms) = preSolution
		Debug|Any CPU = Debug|Any CPU
		Release|Any CPU = Release|Any CPU
	EndGlobalSection
	GlobalSection(ProjectConfigurationPlatforms) = postSolution
		{B351844A-F863-45C2-A877-44F95466CB94}.Debug|Any CPU.ActiveCfg = Debug|Any CPU
		{B351844A-F863-45C2-A877-44F95466CB94}.Debug|Any CPU.Build.0 = Debug|Any CPU
		{B351844A-F863-45C2-A877-44F95466CB94}.Release|Any CPU.ActiveCfg = Release|Any CPU
		{B351844A-F863-45C2-A877-44F95466CB94}.Release|Any CPU.Build.0 = Release|Any CPU
	EndGlobalSection
	GlobalSection(SolutionProperties) = preSolution
		HideSolutionNode = FALSE
	EndGlobalSection
	GlobalSection(ExtensibilityGlobals) = postSolution
		SolutionGuid = {B659A55E-E196-4113-BCE0-FB80C6333CE2}
	EndGlobalSection
EndGlobal
